// !$*UTF8*$!
{
	archiveVersion = 1;
	classes = {
	};
	objectVersion = 55;
	objects = {

/* Begin PBXBuildFile section */
		DB27751527ED4B0C004B64E8 /* GoogleService-Info.plist in Resources */ = {isa = PBXBuildFile; fileRef = DB27751427ED4B0C004B64E8 /* GoogleService-Info.plist */; };
		DB27751F27ED6510004B64E8 /* FirebaseAuth in Frameworks */ = {isa = PBXBuildFile; productRef = DB27751E27ED6510004B64E8 /* FirebaseAuth */; };
		DB27752127ED6510004B64E8 /* FirebaseFirestore in Frameworks */ = {isa = PBXBuildFile; productRef = DB27752027ED6510004B64E8 /* FirebaseFirestore */; };
		DB27752327ED67F7004B64E8 /* RecipeCategoriesViewController.swift in Sources */ = {isa = PBXBuildFile; fileRef = DB27752227ED67F7004B64E8 /* RecipeCategoriesViewController.swift */; };
		DB27752627ED9F62004B64E8 /* RecipeRetriever.swift in Sources */ = {isa = PBXBuildFile; fileRef = DB27752527ED9F62004B64E8 /* RecipeRetriever.swift */; };
		DB27752927EE83DC004B64E8 /* RecipeData.swift in Sources */ = {isa = PBXBuildFile; fileRef = DB27752827EE83DC004B64E8 /* RecipeData.swift */; };
		DB3234FC27DC214000F07475 /* AppDelegate.swift in Sources */ = {isa = PBXBuildFile; fileRef = DB3234FB27DC214000F07475 /* AppDelegate.swift */; };
		DB3234FE27DC214000F07475 /* SceneDelegate.swift in Sources */ = {isa = PBXBuildFile; fileRef = DB3234FD27DC214000F07475 /* SceneDelegate.swift */; };
		DB32350027DC214000F07475 /* EntryController.swift in Sources */ = {isa = PBXBuildFile; fileRef = DB3234FF27DC214000F07475 /* EntryController.swift */; };
		DB32350327DC214000F07475 /* Main.storyboard in Resources */ = {isa = PBXBuildFile; fileRef = DB32350127DC214000F07475 /* Main.storyboard */; };
		DB32350527DC214000F07475 /* Assets.xcassets in Resources */ = {isa = PBXBuildFile; fileRef = DB32350427DC214000F07475 /* Assets.xcassets */; };
		DB32350827DC214000F07475 /* LaunchScreen.storyboard in Resources */ = {isa = PBXBuildFile; fileRef = DB32350627DC214000F07475 /* LaunchScreen.storyboard */; };
		DB32351027DC632000F07475 /* LoginViewController.swift in Sources */ = {isa = PBXBuildFile; fileRef = DB32350F27DC632000F07475 /* LoginViewController.swift */; };
		DB32351227DC633300F07475 /* SignupViewController.swift in Sources */ = {isa = PBXBuildFile; fileRef = DB32351127DC633300F07475 /* SignupViewController.swift */; };
/* End PBXBuildFile section */

/* Begin PBXFileReference section */
		DB27751427ED4B0C004B64E8 /* GoogleService-Info.plist */ = {isa = PBXFileReference; fileEncoding = 4; lastKnownFileType = text.plist.xml; path = "GoogleService-Info.plist"; sourceTree = "<group>"; };
		DB27752227ED67F7004B64E8 /* RecipeCategoriesViewController.swift */ = {isa = PBXFileReference; lastKnownFileType = sourcecode.swift; path = RecipeCategoriesViewController.swift; sourceTree = "<group>"; };
		DB27752527ED9F62004B64E8 /* RecipeRetriever.swift */ = {isa = PBXFileReference; lastKnownFileType = sourcecode.swift; path = RecipeRetriever.swift; sourceTree = "<group>"; };
		DB27752827EE83DC004B64E8 /* RecipeData.swift */ = {isa = PBXFileReference; lastKnownFileType = sourcecode.swift; path = RecipeData.swift; sourceTree = "<group>"; };
		DB3234F827DC214000F07475 /* SoupsOn.app */ = {isa = PBXFileReference; explicitFileType = wrapper.application; includeInIndex = 0; path = SoupsOn.app; sourceTree = BUILT_PRODUCTS_DIR; };
		DB3234FB27DC214000F07475 /* AppDelegate.swift */ = {isa = PBXFileReference; lastKnownFileType = sourcecode.swift; path = AppDelegate.swift; sourceTree = "<group>"; };
		DB3234FD27DC214000F07475 /* SceneDelegate.swift */ = {isa = PBXFileReference; lastKnownFileType = sourcecode.swift; path = SceneDelegate.swift; sourceTree = "<group>"; };
		DB3234FF27DC214000F07475 /* EntryController.swift */ = {isa = PBXFileReference; lastKnownFileType = sourcecode.swift; path = EntryController.swift; sourceTree = "<group>"; };
		DB32350227DC214000F07475 /* Base */ = {isa = PBXFileReference; lastKnownFileType = file.storyboard; name = Base; path = Base.lproj/Main.storyboard; sourceTree = "<group>"; };
		DB32350427DC214000F07475 /* Assets.xcassets */ = {isa = PBXFileReference; lastKnownFileType = folder.assetcatalog; path = Assets.xcassets; sourceTree = "<group>"; };
		DB32350727DC214000F07475 /* Base */ = {isa = PBXFileReference; lastKnownFileType = file.storyboard; name = Base; path = Base.lproj/LaunchScreen.storyboard; sourceTree = "<group>"; };
		DB32350927DC214000F07475 /* Info.plist */ = {isa = PBXFileReference; lastKnownFileType = text.plist.xml; path = Info.plist; sourceTree = "<group>"; };
		DB32350F27DC632000F07475 /* LoginViewController.swift */ = {isa = PBXFileReference; lastKnownFileType = sourcecode.swift; path = LoginViewController.swift; sourceTree = "<group>"; };
		DB32351127DC633300F07475 /* SignupViewController.swift */ = {isa = PBXFileReference; lastKnownFileType = sourcecode.swift; path = SignupViewController.swift; sourceTree = "<group>"; };
/* End PBXFileReference section */

/* Begin PBXFrameworksBuildPhase section */
		DB3234F527DC214000F07475 /* Frameworks */ = {
			isa = PBXFrameworksBuildPhase;
			buildActionMask = 2147483647;
			files = (
				DB27751F27ED6510004B64E8 /* FirebaseAuth in Frameworks */,
				DB27752127ED6510004B64E8 /* FirebaseFirestore in Frameworks */,
			);
			runOnlyForDeploymentPostprocessing = 0;
		};
/* End PBXFrameworksBuildPhase section */

/* Begin PBXGroup section */
		DB27752427ED9ECF004B64E8 /* Networking */ = {
			isa = PBXGroup;
			children = (
				DB27752527ED9F62004B64E8 /* RecipeRetriever.swift */,
			);
			path = Networking;
			sourceTree = "<group>";
		};
		DB27752727EE83C9004B64E8 /* Model */ = {
			isa = PBXGroup;
			children = (
				DB27752827EE83DC004B64E8 /* RecipeData.swift */,
			);
			path = Model;
			sourceTree = "<group>";
		};
		DB3234EF27DC214000F07475 = {
			isa = PBXGroup;
			children = (
				DB27752727EE83C9004B64E8 /* Model */,
				DB27752427ED9ECF004B64E8 /* Networking */,
				DB3234FA27DC214000F07475 /* SoupsOn */,
				DB3234F927DC214000F07475 /* Products */,
			);
			sourceTree = "<group>";
		};
		DB3234F927DC214000F07475 /* Products */ = {
			isa = PBXGroup;
			children = (
				DB3234F827DC214000F07475 /* SoupsOn.app */,
			);
			name = Products;
			sourceTree = "<group>";
		};
		DB3234FA27DC214000F07475 /* SoupsOn */ = {
			isa = PBXGroup;
			children = (
				DB3234FB27DC214000F07475 /* AppDelegate.swift */,
				DB3234FD27DC214000F07475 /* SceneDelegate.swift */,
				DB3234FF27DC214000F07475 /* EntryController.swift */,
				DB32350127DC214000F07475 /* Main.storyboard */,
				DB32350427DC214000F07475 /* Assets.xcassets */,
				DB32350627DC214000F07475 /* LaunchScreen.storyboard */,
				DB32350927DC214000F07475 /* Info.plist */,
				DB27751427ED4B0C004B64E8 /* GoogleService-Info.plist */,
				DB32350F27DC632000F07475 /* LoginViewController.swift */,
				DB32351127DC633300F07475 /* SignupViewController.swift */,
				DB27752227ED67F7004B64E8 /* RecipeCategoriesViewController.swift */,
			);
			path = SoupsOn;
			sourceTree = "<group>";
		};
/* End PBXGroup section */

/* Begin PBXNativeTarget section */
		DB3234F727DC214000F07475 /* SoupsOn */ = {
			isa = PBXNativeTarget;
			buildConfigurationList = DB32350C27DC214000F07475 /* Build configuration list for PBXNativeTarget "SoupsOn" */;
			buildPhases = (
				DB3234F427DC214000F07475 /* Sources */,
				DB3234F527DC214000F07475 /* Frameworks */,
				DB3234F627DC214000F07475 /* Resources */,
			);
			buildRules = (
			);
			dependencies = (
			);
			name = SoupsOn;
			packageProductDependencies = (
				DB27751E27ED6510004B64E8 /* FirebaseAuth */,
				DB27752027ED6510004B64E8 /* FirebaseFirestore */,
			);
			productName = SoupsOn;
			productReference = DB3234F827DC214000F07475 /* SoupsOn.app */;
			productType = "com.apple.product-type.application";
		};
/* End PBXNativeTarget section */

/* Begin PBXProject section */
		DB3234F027DC214000F07475 /* Project object */ = {
			isa = PBXProject;
			attributes = {
				BuildIndependentTargetsInParallel = 1;
				LastSwiftUpdateCheck = 1320;
				LastUpgradeCheck = 1320;
				TargetAttributes = {
					DB3234F727DC214000F07475 = {
						CreatedOnToolsVersion = 13.2.1;
					};
				};
			};
			buildConfigurationList = DB3234F327DC214000F07475 /* Build configuration list for PBXProject "SoupsOn" */;
			compatibilityVersion = "Xcode 13.0";
			developmentRegion = en;
			hasScannedForEncodings = 0;
			knownRegions = (
				en,
				Base,
			);
			mainGroup = DB3234EF27DC214000F07475;
			packageReferences = (
				DB27751D27ED6510004B64E8 /* XCRemoteSwiftPackageReference "firebase-ios-sdk" */,
			);
			productRefGroup = DB3234F927DC214000F07475 /* Products */;
			projectDirPath = "";
			projectRoot = "";
			targets = (
				DB3234F727DC214000F07475 /* SoupsOn */,
			);
		};
/* End PBXProject section */

/* Begin PBXResourcesBuildPhase section */
		DB3234F627DC214000F07475 /* Resources */ = {
			isa = PBXResourcesBuildPhase;
			buildActionMask = 2147483647;
			files = (
				DB32350827DC214000F07475 /* LaunchScreen.storyboard in Resources */,
				DB27751527ED4B0C004B64E8 /* GoogleService-Info.plist in Resources */,
				DB32350527DC214000F07475 /* Assets.xcassets in Resources */,
				DB32350327DC214000F07475 /* Main.storyboard in Resources */,
			);
			runOnlyForDeploymentPostprocessing = 0;
		};
/* End PBXResourcesBuildPhase section */

/* Begin PBXSourcesBuildPhase section */
		DB3234F427DC214000F07475 /* Sources */ = {
			isa = PBXSourcesBuildPhase;
			buildActionMask = 2147483647;
			files = (
				DB27752627ED9F62004B64E8 /* RecipeRetriever.swift in Sources */,
				DB32351027DC632000F07475 /* LoginViewController.swift in Sources */,
				DB32350027DC214000F07475 /* EntryController.swift in Sources */,
				DB27752327ED67F7004B64E8 /* RecipeCategoriesViewController.swift in Sources */,
				DB32351227DC633300F07475 /* SignupViewController.swift in Sources */,
				DB27752927EE83DC004B64E8 /* RecipeData.swift in Sources */,
				DB3234FC27DC214000F07475 /* AppDelegate.swift in Sources */,
				DB3234FE27DC214000F07475 /* SceneDelegate.swift in Sources */,
			);
			runOnlyForDeploymentPostprocessing = 0;
		};
/* End PBXSourcesBuildPhase section */

/* Begin PBXVariantGroup section */
		DB32350127DC214000F07475 /* Main.storyboard */ = {
			isa = PBXVariantGroup;
			children = (
				DB32350227DC214000F07475 /* Base */,
			);
			name = Main.storyboard;
			sourceTree = "<group>";
		};
		DB32350627DC214000F07475 /* LaunchScreen.storyboard */ = {
			isa = PBXVariantGroup;
			children = (
				DB32350727DC214000F07475 /* Base */,
			);
			name = LaunchScreen.storyboard;
			sourceTree = "<group>";
		};
/* End PBXVariantGroup section */

/* Begin XCBuildConfiguration section */
		DB32350A27DC214000F07475 /* Debug */ = {
			isa = XCBuildConfiguration;
			buildSettings = {
				ALWAYS_SEARCH_USER_PATHS = NO;
				CLANG_ANALYZER_NONNULL = YES;
				CLANG_ANALYZER_NUMBER_OBJECT_CONVERSION = YES_AGGRESSIVE;
				CLANG_CXX_LANGUAGE_STANDARD = "gnu++17";
				CLANG_CXX_LIBRARY = "libc++";
				CLANG_ENABLE_MODULES = YES;
				CLANG_ENABLE_OBJC_ARC = YES;
				CLANG_ENABLE_OBJC_WEAK = YES;
				CLANG_WARN_BLOCK_CAPTURE_AUTORELEASING = YES;
				CLANG_WARN_BOOL_CONVERSION = YES;
				CLANG_WARN_COMMA = YES;
				CLANG_WARN_CONSTANT_CONVERSION = YES;
				CLANG_WARN_DEPRECATED_OBJC_IMPLEMENTATIONS = YES;
				CLANG_WARN_DIRECT_OBJC_ISA_USAGE = YES_ERROR;
				CLANG_WARN_DOCUMENTATION_COMMENTS = YES;
				CLANG_WARN_EMPTY_BODY = YES;
				CLANG_WARN_ENUM_CONVERSION = YES;
				CLANG_WARN_INFINITE_RECURSION = YES;
				CLANG_WARN_INT_CONVERSION = YES;
				CLANG_WARN_NON_LITERAL_NULL_CONVERSION = YES;
				CLANG_WARN_OBJC_IMPLICIT_RETAIN_SELF = YES;
				CLANG_WARN_OBJC_LITERAL_CONVERSION = YES;
				CLANG_WARN_OBJC_ROOT_CLASS = YES_ERROR;
				CLANG_WARN_QUOTED_INCLUDE_IN_FRAMEWORK_HEADER = YES;
				CLANG_WARN_RANGE_LOOP_ANALYSIS = YES;
				CLANG_WARN_STRICT_PROTOTYPES = YES;
				CLANG_WARN_SUSPICIOUS_MOVE = YES;
				CLANG_WARN_UNGUARDED_AVAILABILITY = YES_AGGRESSIVE;
				CLANG_WARN_UNREACHABLE_CODE = YES;
				CLANG_WARN__DUPLICATE_METHOD_MATCH = YES;
				COPY_PHASE_STRIP = NO;
				DEBUG_INFORMATION_FORMAT = dwarf;
				ENABLE_STRICT_OBJC_MSGSEND = YES;
				ENABLE_TESTABILITY = YES;
				GCC_C_LANGUAGE_STANDARD = gnu11;
				GCC_DYNAMIC_NO_PIC = NO;
				GCC_NO_COMMON_BLOCKS = YES;
				GCC_OPTIMIZATION_LEVEL = 0;
				GCC_PREPROCESSOR_DEFINITIONS = (
					"DEBUG=1",
					"$(inherited)",
				);
				GCC_WARN_64_TO_32_BIT_CONVERSION = YES;
				GCC_WARN_ABOUT_RETURN_TYPE = YES_ERROR;
				GCC_WARN_UNDECLARED_SELECTOR = YES;
				GCC_WARN_UNINITIALIZED_AUTOS = YES_AGGRESSIVE;
				GCC_WARN_UNUSED_FUNCTION = YES;
				GCC_WARN_UNUSED_VARIABLE = YES;
				IPHONEOS_DEPLOYMENT_TARGET = 15.2;
				MTL_ENABLE_DEBUG_INFO = INCLUDE_SOURCE;
				MTL_FAST_MATH = YES;
				ONLY_ACTIVE_ARCH = YES;
				SDKROOT = iphoneos;
				SWIFT_ACTIVE_COMPILATION_CONDITIONS = DEBUG;
				SWIFT_OPTIMIZATION_LEVEL = "-Onone";
			};
			name = Debug;
		};
		DB32350B27DC214000F07475 /* Release */ = {
			isa = XCBuildConfiguration;
			buildSettings = {
				ALWAYS_SEARCH_USER_PATHS = NO;
				CLANG_ANALYZER_NONNULL = YES;
				CLANG_ANALYZER_NUMBER_OBJECT_CONVERSION = YES_AGGRESSIVE;
				CLANG_CXX_LANGUAGE_STANDARD = "gnu++17";
				CLANG_CXX_LIBRARY = "libc++";
				CLANG_ENABLE_MODULES = YES;
				CLANG_ENABLE_OBJC_ARC = YES;
				CLANG_ENABLE_OBJC_WEAK = YES;
				CLANG_WARN_BLOCK_CAPTURE_AUTORELEASING = YES;
				CLANG_WARN_BOOL_CONVERSION = YES;
				CLANG_WARN_COMMA = YES;
				CLANG_WARN_CONSTANT_CONVERSION = YES;
				CLANG_WARN_DEPRECATED_OBJC_IMPLEMENTATIONS = YES;
				CLANG_WARN_DIRECT_OBJC_ISA_USAGE = YES_ERROR;
				CLANG_WARN_DOCUMENTATION_COMMENTS = YES;
				CLANG_WARN_EMPTY_BODY = YES;
				CLANG_WARN_ENUM_CONVERSION = YES;
				CLANG_WARN_INFINITE_RECURSION = YES;
				CLANG_WARN_INT_CONVERSION = YES;
				CLANG_WARN_NON_LITERAL_NULL_CONVERSION = YES;
				CLANG_WARN_OBJC_IMPLICIT_RETAIN_SELF = YES;
				CLANG_WARN_OBJC_LITERAL_CONVERSION = YES;
				CLANG_WARN_OBJC_ROOT_CLASS = YES_ERROR;
				CLANG_WARN_QUOTED_INCLUDE_IN_FRAMEWORK_HEADER = YES;
				CLANG_WARN_RANGE_LOOP_ANALYSIS = YES;
				CLANG_WARN_STRICT_PROTOTYPES = YES;
				CLANG_WARN_SUSPICIOUS_MOVE = YES;
				CLANG_WARN_UNGUARDED_AVAILABILITY = YES_AGGRESSIVE;
				CLANG_WARN_UNREACHABLE_CODE = YES;
				CLANG_WARN__DUPLICATE_METHOD_MATCH = YES;
				COPY_PHASE_STRIP = NO;
				DEBUG_INFORMATION_FORMAT = "dwarf-with-dsym";
				ENABLE_NS_ASSERTIONS = NO;
				ENABLE_STRICT_OBJC_MSGSEND = YES;
				GCC_C_LANGUAGE_STANDARD = gnu11;
				GCC_NO_COMMON_BLOCKS = YES;
				GCC_WARN_64_TO_32_BIT_CONVERSION = YES;
				GCC_WARN_ABOUT_RETURN_TYPE = YES_ERROR;
				GCC_WARN_UNDECLARED_SELECTOR = YES;
				GCC_WARN_UNINITIALIZED_AUTOS = YES_AGGRESSIVE;
				GCC_WARN_UNUSED_FUNCTION = YES;
				GCC_WARN_UNUSED_VARIABLE = YES;
				IPHONEOS_DEPLOYMENT_TARGET = 15.2;
				MTL_ENABLE_DEBUG_INFO = NO;
				MTL_FAST_MATH = YES;
				SDKROOT = iphoneos;
				SWIFT_COMPILATION_MODE = wholemodule;
				SWIFT_OPTIMIZATION_LEVEL = "-O";
				VALIDATE_PRODUCT = YES;
			};
			name = Release;
		};
		DB32350D27DC214000F07475 /* Debug */ = {
			isa = XCBuildConfiguration;
			buildSettings = {
				ASSETCATALOG_COMPILER_APPICON_NAME = AppIcon;
				ASSETCATALOG_COMPILER_GLOBAL_ACCENT_COLOR_NAME = AccentColor;
				CODE_SIGN_STYLE = Automatic;
				CURRENT_PROJECT_VERSION = 1;
				DEVELOPMENT_TEAM = LB49FQVNH8;
				GENERATE_INFOPLIST_FILE = YES;
				INFOPLIST_FILE = SoupsOn/Info.plist;
				INFOPLIST_KEY_UIApplicationSupportsIndirectInputEvents = YES;
				INFOPLIST_KEY_UILaunchStoryboardName = LaunchScreen;
				INFOPLIST_KEY_UIMainStoryboardFile = Main;
				INFOPLIST_KEY_UISupportedInterfaceOrientations_iPad = "UIInterfaceOrientationPortrait UIInterfaceOrientationPortraitUpsideDown UIInterfaceOrientationLandscapeLeft UIInterfaceOrientationLandscapeRight";
				INFOPLIST_KEY_UISupportedInterfaceOrientations_iPhone = "UIInterfaceOrientationPortrait UIInterfaceOrientationLandscapeLeft UIInterfaceOrientationLandscapeRight";
				LD_RUNPATH_SEARCH_PATHS = (
					"$(inherited)",
					"@executable_path/Frameworks",
				);
				MARKETING_VERSION = 1.0;
				PRODUCT_BUNDLE_IDENTIFIER = com.chrisyan.SoupsOn;
				PRODUCT_NAME = "$(TARGET_NAME)";
				SWIFT_EMIT_LOC_STRINGS = YES;
				SWIFT_VERSION = 5.0;
				TARGETED_DEVICE_FAMILY = "1,2";
			};
			name = Debug;
		};
		DB32350E27DC214000F07475 /* Release */ = {
			isa = XCBuildConfiguration;
			buildSettings = {
				ASSETCATALOG_COMPILER_APPICON_NAME = AppIcon;
				ASSETCATALOG_COMPILER_GLOBAL_ACCENT_COLOR_NAME = AccentColor;
				CODE_SIGN_STYLE = Automatic;
				CURRENT_PROJECT_VERSION = 1;
				DEVELOPMENT_TEAM = LB49FQVNH8;
				GENERATE_INFOPLIST_FILE = YES;
				INFOPLIST_FILE = SoupsOn/Info.plist;
				INFOPLIST_KEY_UIApplicationSupportsIndirectInputEvents = YES;
				INFOPLIST_KEY_UILaunchStoryboardName = LaunchScreen;
				INFOPLIST_KEY_UIMainStoryboardFile = Main;
				INFOPLIST_KEY_UISupportedInterfaceOrientations_iPad = "UIInterfaceOrientationPortrait UIInterfaceOrientationPortraitUpsideDown UIInterfaceOrientationLandscapeLeft UIInterfaceOrientationLandscapeRight";
				INFOPLIST_KEY_UISupportedInterfaceOrientations_iPhone = "UIInterfaceOrientationPortrait UIInterfaceOrientationLandscapeLeft UIInterfaceOrientationLandscapeRight";
				LD_RUNPATH_SEARCH_PATHS = (
					"$(inherited)",
					"@executable_path/Frameworks",
				);
				MARKETING_VERSION = 1.0;
				PRODUCT_BUNDLE_IDENTIFIER = com.chrisyan.SoupsOn;
				PRODUCT_NAME = "$(TARGET_NAME)";
				SWIFT_EMIT_LOC_STRINGS = YES;
				SWIFT_VERSION = 5.0;
				TARGETED_DEVICE_FAMILY = "1,2";
			};
			name = Release;
		};
/* End XCBuildConfiguration section */

/* Begin XCConfigurationList section */
		DB3234F327DC214000F07475 /* Build configuration list for PBXProject "SoupsOn" */ = {
			isa = XCConfigurationList;
			buildConfigurations = (
				DB32350A27DC214000F07475 /* Debug */,
				DB32350B27DC214000F07475 /* Release */,
			);
			defaultConfigurationIsVisible = 0;
			defaultConfigurationName = Release;
		};
		DB32350C27DC214000F07475 /* Build configuration list for PBXNativeTarget "SoupsOn" */ = {
			isa = XCConfigurationList;
			buildConfigurations = (
				DB32350D27DC214000F07475 /* Debug */,
				DB32350E27DC214000F07475 /* Release */,
			);
			defaultConfigurationIsVisible = 0;
			defaultConfigurationName = Release;
		};
/* End XCConfigurationList section */

/* Begin XCRemoteSwiftPackageReference section */
		DB27751D27ED6510004B64E8 /* XCRemoteSwiftPackageReference "firebase-ios-sdk" */ = {
			isa = XCRemoteSwiftPackageReference;
			repositoryURL = "https://github.com/firebase/firebase-ios-sdk";
			requirement = {
				kind = upToNextMajorVersion;
				minimumVersion = 8.0.0;
			};
		};
/* End XCRemoteSwiftPackageReference section */

/* Begin XCSwiftPackageProductDependency section */
		DB27751E27ED6510004B64E8 /* FirebaseAuth */ = {
			isa = XCSwiftPackageProductDependency;
			package = DB27751D27ED6510004B64E8 /* XCRemoteSwiftPackageReference "firebase-ios-sdk" */;
			productName = FirebaseAuth;
		};
		DB27752027ED6510004B64E8 /* FirebaseFirestore */ = {
			isa = XCSwiftPackageProductDependency;
			package = DB27751D27ED6510004B64E8 /* XCRemoteSwiftPackageReference "firebase-ios-sdk" */;
			productName = FirebaseFirestore;
		};
/* End XCSwiftPackageProductDependency section */
	};
	rootObject = DB3234F027DC214000F07475 /* Project object */;
}
